{
  "name": "@waldzellai/clear-thought",
  "version": "0.0.5",
  "lockfileVersion": 3,
  "requires": true,
  "packages": {
    "": {
      "name": "@waldzellai/clear-thought",
      "version": "0.0.5",
      "license": "MIT",
      "dependencies": {
        "@modelcontextprotocol/sdk": "^1.5.0",
        "zod": "^3.25.27"
      },
      "devDependencies": {
        "@types/node": "^22",
        "typescript": "^5.3.3"
      }
    }
  }
}